{
  "id": "package-lock",
  "url": "https://docs.unity3d.com/6000.3/Documentation/Manual/upm-conflicts-auto.html",
  "resolved_url": "https://docs.unity3d.com/6000.3/Documentation/Manual/upm-conflicts-auto.html",
  "reviewed": "2026-09-23",
  "status": 200,
  "title": "Unity - Manual: Lock files",
  "sha256": "5b14d8939794b3d48b42fc183f891965a1ca18d72080d9c2c4cf741804250407",
  "excerpts": [
    " Unity - Manual: Lock files Manual Scripting API unity.com Version: Unity 6.3 LTS (6000.3) Supported Legacy Language : English English 中文 日本語 한국어 Unity Manual Version: Unity 6.3 LTS Select a different version Language : English English 中文 日本語 한국어 Packages and package management Dependencies Lock files Embedded dependencies Local folder or tarball paths Lock files A lock file contains the results of the Package Manager’s dependency resolution for a project. Package managers use lock files to provide a deterministic result when resolving a package dependency graph . When the Unity Package Manager computes a successful resolution, it stores that resolution inside the project’s Packages folde",
    " the results of the Package Manager’s dependency resolution for a project. Package managers use lock files to provide a deterministic result when resolving a package dependency graph . When the Unity Package Manager computes a successful resolution, it stores that resolution inside the project’s Packages folder in a JSON file called packages-lock.json . Any modification to the project manifest or to a custom or local package’s manifest can cause the Package Manager to recalculate the resolved package versions. But as long as the version of a package in the lock file satisfies the range implied by the dependency version and the resolution strategy , the package remains locked at that version. For example, here is a typical entry in the lock file: \"com.unity.textmeshpro\": { \"version\": \"2.0.1"
  ]
}